
Microsoft Visual Studio Solution File, Format Version 11.00
# Visual Studio 2010
Project("{FAE04EC0-301F-11D3-BF4B-00C04F79EFBC}") = "Starting-Chapter-08", "Assembly-CSharp.csproj", "{BD6EDA83-E958-2101-6E37-53C2EF84DD7D}"
EndProject
Project("{FAE04EC0-301F-11D3-BF4B-00C04F79EFBC}") = "Starting-Chapter-08", "Assembly-CSharp-firstpass.csproj", "{41E7B8F5-02E0-0D17-15CF-5C3A5D787EA1}"
EndProject
Project("{FAE04EC0-301F-11D3-BF4B-00C04F79EFBC}") = "Starting-Chapter-08", "Assembly-CSharp-Editor.csproj", "{A7991040-C459-D3BD-028B-89E4F8BE2110}"
EndProject
Project("{FAE04EC0-301F-11D3-BF4B-00C04F79EFBC}") = "Starting-Chapter-08", "Assembly-CSharp-Editor-firstpass.csproj", "{45B21008-E0D2-7C70-642A-701ABA625BAE}"
EndProject
Global
	GlobalSection(SolutionConfigurationPlatforms) = preSolution
		Debug|Any CPU = Debug|Any CPU
		Release|Any CPU = Release|Any CPU
	EndGlobalSection
	GlobalSection(ProjectConfigurationPlatforms) = postSolution
		{BD6EDA83-E958-2101-6E37-53C2EF84DD7D}.Debug|Any CPU.ActiveCfg = Debug|Any CPU
		{BD6EDA83-E958-2101-6E37-53C2EF84DD7D}.Debug|Any CPU.Build.0 = Debug|Any CPU
		{BD6EDA83-E958-2101-6E37-53C2EF84DD7D}.Release|Any CPU.ActiveCfg = Release|Any CPU
		{BD6EDA83-E958-2101-6E37-53C2EF84DD7D}.Release|Any CPU.Build.0 = Release|Any CPU
		{41E7B8F5-02E0-0D17-15CF-5C3A5D787EA1}.Debug|Any CPU.ActiveCfg = Debug|Any CPU
		{41E7B8F5-02E0-0D17-15CF-5C3A5D787EA1}.Debug|Any CPU.Build.0 = Debug|Any CPU
		{41E7B8F5-02E0-0D17-15CF-5C3A5D787EA1}.Release|Any CPU.ActiveCfg = Release|Any CPU
		{41E7B8F5-02E0-0D17-15CF-5C3A5D787EA1}.Release|Any CPU.Build.0 = Release|Any CPU
		{A7991040-C459-D3BD-028B-89E4F8BE2110}.Debug|Any CPU.ActiveCfg = Debug|Any CPU
		{A7991040-C459-D3BD-028B-89E4F8BE2110}.Debug|Any CPU.Build.0 = Debug|Any CPU
		{A7991040-C459-D3BD-028B-89E4F8BE2110}.Release|Any CPU.ActiveCfg = Release|Any CPU
		{A7991040-C459-D3BD-028B-89E4F8BE2110}.Release|Any CPU.Build.0 = Release|Any CPU
		{45B21008-E0D2-7C70-642A-701ABA625BAE}.Debug|Any CPU.ActiveCfg = Debug|Any CPU
		{45B21008-E0D2-7C70-642A-701ABA625BAE}.Debug|Any CPU.Build.0 = Debug|Any CPU
		{45B21008-E0D2-7C70-642A-701ABA625BAE}.Release|Any CPU.ActiveCfg = Release|Any CPU
		{45B21008-E0D2-7C70-642A-701ABA625BAE}.Release|Any CPU.Build.0 = Release|Any CPU
	EndGlobalSection
	GlobalSection(SolutionProperties) = preSolution
		HideSolutionNode = FALSE
	EndGlobalSection
	GlobalSection(MonoDevelopProperties) = preSolution
		StartupItem = Assembly-CSharp.csproj
	EndGlobalSection
EndGlobal
