
Microsoft Visual Studio Solution File, Format Version 11.00
# Visual Studio 2010
Project("{FAE04EC0-301F-11D3-BF4B-00C04F79EFBC}") = "Starting-Chapter-09", "Assembly-CSharp.csproj", "{97335A74-1501-6F99-8146-3E9074C313DF}"
EndProject
Project("{FAE04EC0-301F-11D3-BF4B-00C04F79EFBC}") = "Starting-Chapter-09", "Assembly-CSharp-firstpass.csproj", "{3497FB8F-8056-A146-FA53-1345483DD2B5}"
EndProject
Project("{FAE04EC0-301F-11D3-BF4B-00C04F79EFBC}") = "Starting-Chapter-09", "Assembly-CSharp-Editor.csproj", "{9B19107F-1BD3-48D0-44E8-5E2066EDD16E}"
EndProject
Project("{FAE04EC0-301F-11D3-BF4B-00C04F79EFBC}") = "Starting-Chapter-09", "Assembly-CSharp-Editor-firstpass.csproj", "{A24D335F-CBB3-E403-EF8E-EBB8EA3DD355}"
EndProject
Global
	GlobalSection(SolutionConfigurationPlatforms) = preSolution
		Debug|Any CPU = Debug|Any CPU
		Release|Any CPU = Release|Any CPU
	EndGlobalSection
	GlobalSection(ProjectConfigurationPlatforms) = postSolution
		{97335A74-1501-6F99-8146-3E9074C313DF}.Debug|Any CPU.ActiveCfg = Debug|Any CPU
		{97335A74-1501-6F99-8146-3E9074C313DF}.Debug|Any CPU.Build.0 = Debug|Any CPU
		{97335A74-1501-6F99-8146-3E9074C313DF}.Release|Any CPU.ActiveCfg = Release|Any CPU
		{97335A74-1501-6F99-8146-3E9074C313DF}.Release|Any CPU.Build.0 = Release|Any CPU
		{3497FB8F-8056-A146-FA53-1345483DD2B5}.Debug|Any CPU.ActiveCfg = Debug|Any CPU
		{3497FB8F-8056-A146-FA53-1345483DD2B5}.Debug|Any CPU.Build.0 = Debug|Any CPU
		{3497FB8F-8056-A146-FA53-1345483DD2B5}.Release|Any CPU.ActiveCfg = Release|Any CPU
		{3497FB8F-8056-A146-FA53-1345483DD2B5}.Release|Any CPU.Build.0 = Release|Any CPU
		{9B19107F-1BD3-48D0-44E8-5E2066EDD16E}.Debug|Any CPU.ActiveCfg = Debug|Any CPU
		{9B19107F-1BD3-48D0-44E8-5E2066EDD16E}.Debug|Any CPU.Build.0 = Debug|Any CPU
		{9B19107F-1BD3-48D0-44E8-5E2066EDD16E}.Release|Any CPU.ActiveCfg = Release|Any CPU
		{9B19107F-1BD3-48D0-44E8-5E2066EDD16E}.Release|Any CPU.Build.0 = Release|Any CPU
		{A24D335F-CBB3-E403-EF8E-EBB8EA3DD355}.Debug|Any CPU.ActiveCfg = Debug|Any CPU
		{A24D335F-CBB3-E403-EF8E-EBB8EA3DD355}.Debug|Any CPU.Build.0 = Debug|Any CPU
		{A24D335F-CBB3-E403-EF8E-EBB8EA3DD355}.Release|Any CPU.ActiveCfg = Release|Any CPU
		{A24D335F-CBB3-E403-EF8E-EBB8EA3DD355}.Release|Any CPU.Build.0 = Release|Any CPU
	EndGlobalSection
	GlobalSection(SolutionProperties) = preSolution
		HideSolutionNode = FALSE
	EndGlobalSection
	GlobalSection(MonoDevelopProperties) = preSolution
		StartupItem = Assembly-CSharp.csproj
	EndGlobalSection
EndGlobal
