
Microsoft Visual Studio Solution File, Format Version 11.00
# Visual Studio 2010
Project("{FAE04EC0-301F-11D3-BF4B-00C04F79EFBC}") = "Starting-Chapter-12", "Assembly-CSharp.csproj", "{FB60F96E-7A0C-79F5-B6AF-51E024AD890F}"
EndProject
Project("{FAE04EC0-301F-11D3-BF4B-00C04F79EFBC}") = "Starting-Chapter-12", "Assembly-CSharp-firstpass.csproj", "{0A0D0E81-3621-59F2-8EEA-473977A6C9DA}"
EndProject
Project("{FAE04EC0-301F-11D3-BF4B-00C04F79EFBC}") = "Starting-Chapter-12", "Assembly-CSharp-Editor.csproj", "{0CDA0DFE-61DF-2F33-571F-151BB06349EA}"
EndProject
Project("{FAE04EC0-301F-11D3-BF4B-00C04F79EFBC}") = "Starting-Chapter-12", "Assembly-CSharp-Editor-firstpass.csproj", "{D52191F1-30CE-D0D1-5965-7C48EF845961}"
EndProject
Global
	GlobalSection(SolutionConfigurationPlatforms) = preSolution
		Debug|Any CPU = Debug|Any CPU
		Release|Any CPU = Release|Any CPU
	EndGlobalSection
	GlobalSection(ProjectConfigurationPlatforms) = postSolution
		{FB60F96E-7A0C-79F5-B6AF-51E024AD890F}.Debug|Any CPU.ActiveCfg = Debug|Any CPU
		{FB60F96E-7A0C-79F5-B6AF-51E024AD890F}.Debug|Any CPU.Build.0 = Debug|Any CPU
		{FB60F96E-7A0C-79F5-B6AF-51E024AD890F}.Release|Any CPU.ActiveCfg = Release|Any CPU
		{FB60F96E-7A0C-79F5-B6AF-51E024AD890F}.Release|Any CPU.Build.0 = Release|Any CPU
		{0A0D0E81-3621-59F2-8EEA-473977A6C9DA}.Debug|Any CPU.ActiveCfg = Debug|Any CPU
		{0A0D0E81-3621-59F2-8EEA-473977A6C9DA}.Debug|Any CPU.Build.0 = Debug|Any CPU
		{0A0D0E81-3621-59F2-8EEA-473977A6C9DA}.Release|Any CPU.ActiveCfg = Release|Any CPU
		{0A0D0E81-3621-59F2-8EEA-473977A6C9DA}.Release|Any CPU.Build.0 = Release|Any CPU
		{0CDA0DFE-61DF-2F33-571F-151BB06349EA}.Debug|Any CPU.ActiveCfg = Debug|Any CPU
		{0CDA0DFE-61DF-2F33-571F-151BB06349EA}.Debug|Any CPU.Build.0 = Debug|Any CPU
		{0CDA0DFE-61DF-2F33-571F-151BB06349EA}.Release|Any CPU.ActiveCfg = Release|Any CPU
		{0CDA0DFE-61DF-2F33-571F-151BB06349EA}.Release|Any CPU.Build.0 = Release|Any CPU
		{D52191F1-30CE-D0D1-5965-7C48EF845961}.Debug|Any CPU.ActiveCfg = Debug|Any CPU
		{D52191F1-30CE-D0D1-5965-7C48EF845961}.Debug|Any CPU.Build.0 = Debug|Any CPU
		{D52191F1-30CE-D0D1-5965-7C48EF845961}.Release|Any CPU.ActiveCfg = Release|Any CPU
		{D52191F1-30CE-D0D1-5965-7C48EF845961}.Release|Any CPU.Build.0 = Release|Any CPU
	EndGlobalSection
	GlobalSection(SolutionProperties) = preSolution
		HideSolutionNode = FALSE
	EndGlobalSection
	GlobalSection(MonoDevelopProperties) = preSolution
		StartupItem = Assembly-CSharp.csproj
	EndGlobalSection
EndGlobal
